
Microsoft Visual Studio Solution File, Format Version 12.00
# Visual Studio Version 16
VisualStudioVersion = 16.0.30225.117
MinimumVisualStudioVersion = 10.0.40219.1
Project("{FAE04EC0-301F-11D3-BF4B-00C04F79EFBC}") = "LocalHook_EasyHook", "LocalHook_EasyHook\LocalHook_EasyHook.csproj", "{97D6F589-85A2-4D2D-84B4-69144552B648}"
EndProject
Global
	GlobalSection(SolutionConfigurationPlatforms) = preSolution
		Debug|Any CPU = Debug|Any CPU
		Release|Any CPU = Release|Any CPU
	EndGlobalSection
	GlobalSection(ProjectConfigurationPlatforms) = postSolution
		{97D6F589-85A2-4D2D-84B4-69144552B648}.Debug|Any CPU.ActiveCfg = Debug|Any CPU
		{97D6F589-85A2-4D2D-84B4-69144552B648}.Debug|Any CPU.Build.0 = Debug|Any CPU
		{97D6F589-85A2-4D2D-84B4-69144552B648}.Release|Any CPU.ActiveCfg = Release|Any CPU
		{97D6F589-85A2-4D2D-84B4-69144552B648}.Release|Any CPU.Build.0 = Release|Any CPU
	EndGlobalSection
	GlobalSection(SolutionProperties) = preSolution
		HideSolutionNode = FALSE
	EndGlobalSection
	GlobalSection(ExtensibilityGlobals) = postSolution
		SolutionGuid = {92FD7AAA-C5B3-403A-920F-F125EA36D98F}
	EndGlobalSection
EndGlobal
